
Microsoft Visual Studio Solution File, Format Version 12.00
Project("{FAE04EC0-301F-11D3-BF4B-00C04F79EFBC}") = "WebApi", "src\WebApi\WebApi.csproj", "{B1110004-F522-4916-9BA9-3BA3AAF84A48}"
EndProject
Project("{FAE04EC0-301F-11D3-BF4B-00C04F79EFBC}") = "Core", "Core\Core.csproj", "{F54557AF-837B-4910-AD5A-F38CEFB80F12}"
EndProject
Project("{FAE04EC0-301F-11D3-BF4B-00C04F79EFBC}") = "Handlers.Discord", "Handlers.Discord\Handlers.Discord.csproj", "{05E34D24-86BB-4E2F-9042-71F56F387D30}"
EndProject
Global
	GlobalSection(SolutionConfigurationPlatforms) = preSolution
		Debug|Any CPU = Debug|Any CPU
		Release|Any CPU = Release|Any CPU
	EndGlobalSection
	GlobalSection(ProjectConfigurationPlatforms) = postSolution
		{B1110004-F522-4916-9BA9-3BA3AAF84A48}.Debug|Any CPU.ActiveCfg = Debug|Any CPU
		{B1110004-F522-4916-9BA9-3BA3AAF84A48}.Debug|Any CPU.Build.0 = Debug|Any CPU
		{B1110004-F522-4916-9BA9-3BA3AAF84A48}.Release|Any CPU.ActiveCfg = Release|Any CPU
		{B1110004-F522-4916-9BA9-3BA3AAF84A48}.Release|Any CPU.Build.0 = Release|Any CPU
		{F54557AF-837B-4910-AD5A-F38CEFB80F12}.Debug|Any CPU.ActiveCfg = Debug|Any CPU
		{F54557AF-837B-4910-AD5A-F38CEFB80F12}.Debug|Any CPU.Build.0 = Debug|Any CPU
		{F54557AF-837B-4910-AD5A-F38CEFB80F12}.Release|Any CPU.ActiveCfg = Release|Any CPU
		{F54557AF-837B-4910-AD5A-F38CEFB80F12}.Release|Any CPU.Build.0 = Release|Any CPU
		{05E34D24-86BB-4E2F-9042-71F56F387D30}.Debug|Any CPU.ActiveCfg = Debug|Any CPU
		{05E34D24-86BB-4E2F-9042-71F56F387D30}.Debug|Any CPU.Build.0 = Debug|Any CPU
		{05E34D24-86BB-4E2F-9042-71F56F387D30}.Release|Any CPU.ActiveCfg = Release|Any CPU
		{05E34D24-86BB-4E2F-9042-71F56F387D30}.Release|Any CPU.Build.0 = Release|Any CPU
	EndGlobalSection
EndGlobal
